// !$*UTF8*$!
{
	archiveVersion = 1;
	classes = {
	};
	objectVersion = 55;
	objects = {

/* Begin PBXBuildFile section */
		65434383278E11E000DF954D /* NavigationUtil.swift in Sources */ = {isa = PBXBuildFile; fileRef = 65434382278E11E000DF954D /* NavigationUtil.swift */; };
		65434386278E12A400DF954D /* OTPView.swift in Sources */ = {isa = PBXBuildFile; fileRef = 65434384278E12A400DF954D /* OTPView.swift */; };
		65434387278E12A400DF954D /* NumberPadView.swift in Sources */ = {isa = PBXBuildFile; fileRef = 65434385278E12A400DF954D /* NumberPadView.swift */; };
		65434389278E136B00DF954D /* SlideMenuBarView.swift in Sources */ = {isa = PBXBuildFile; fileRef = 65434388278E136B00DF954D /* SlideMenuBarView.swift */; };
		6557CF9A278C2F6C002CF2D4 /* ViewElementsDemoApp.swift in Sources */ = {isa = PBXBuildFile; fileRef = 6557CF99278C2F6C002CF2D4 /* ViewElementsDemoApp.swift */; };
		6557CF9C278C2F6C002CF2D4 /* ContentView.swift in Sources */ = {isa = PBXBuildFile; fileRef = 6557CF9B278C2F6C002CF2D4 /* ContentView.swift */; };
		6557CF9E278C2F75002CF2D4 /* Assets.xcassets in Resources */ = {isa = PBXBuildFile; fileRef = 6557CF9D278C2F75002CF2D4 /* Assets.xcassets */; };
		6557CFA1278C2F75002CF2D4 /* Preview Assets.xcassets in Resources */ = {isa = PBXBuildFile; fileRef = 6557CFA0278C2F75002CF2D4 /* Preview Assets.xcassets */; };
		6557CFA8278C30A3002CF2D4 /* TextFieldsView.swift in Sources */ = {isa = PBXBuildFile; fileRef = 6557CFA7278C30A3002CF2D4 /* TextFieldsView.swift */; };
		658107352795F84A00B178AE /* PickerStyleView.swift in Sources */ = {isa = PBXBuildFile; fileRef = 658107342795F84A00B178AE /* PickerStyleView.swift */; };
		65D3BC49279037AF005A113E /* ImagePickerView.swift in Sources */ = {isa = PBXBuildFile; fileRef = 65D3BC48279037AF005A113E /* ImagePickerView.swift */; };
		65D3BC4B27904DCD005A113E /* CustomModalPopupView.swift in Sources */ = {isa = PBXBuildFile; fileRef = 65D3BC4A27904DCD005A113E /* CustomModalPopupView.swift */; };
/* End PBXBuildFile section */

/* Begin PBXFileReference section */
		65434382278E11E000DF954D /* NavigationUtil.swift */ = {isa = PBXFileReference; lastKnownFileType = sourcecode.swift; path = NavigationUtil.swift; sourceTree = "<group>"; };
		65434384278E12A400DF954D /* OTPView.swift */ = {isa = PBXFileReference; fileEncoding = 4; lastKnownFileType = sourcecode.swift; path = OTPView.swift; sourceTree = "<group>"; };
		65434385278E12A400DF954D /* NumberPadView.swift */ = {isa = PBXFileReference; fileEncoding = 4; lastKnownFileType = sourcecode.swift; path = NumberPadView.swift; sourceTree = "<group>"; };
		65434388278E136B00DF954D /* SlideMenuBarView.swift */ = {isa = PBXFileReference; fileEncoding = 4; lastKnownFileType = sourcecode.swift; path = SlideMenuBarView.swift; sourceTree = "<group>"; };
		6557CF96278C2F6C002CF2D4 /* ViewElementsDemo.app */ = {isa = PBXFileReference; explicitFileType = wrapper.application; includeInIndex = 0; path = ViewElementsDemo.app; sourceTree = BUILT_PRODUCTS_DIR; };
		6557CF99278C2F6C002CF2D4 /* ViewElementsDemoApp.swift */ = {isa = PBXFileReference; lastKnownFileType = sourcecode.swift; path = ViewElementsDemoApp.swift; sourceTree = "<group>"; };
		6557CF9B278C2F6C002CF2D4 /* ContentView.swift */ = {isa = PBXFileReference; lastKnownFileType = sourcecode.swift; path = ContentView.swift; sourceTree = "<group>"; };
		6557CF9D278C2F75002CF2D4 /* Assets.xcassets */ = {isa = PBXFileReference; lastKnownFileType = folder.assetcatalog; path = Assets.xcassets; sourceTree = "<group>"; };
		6557CFA0278C2F75002CF2D4 /* Preview Assets.xcassets */ = {isa = PBXFileReference; lastKnownFileType = folder.assetcatalog; path = "Preview Assets.xcassets"; sourceTree = "<group>"; };
		6557CFA7278C30A3002CF2D4 /* TextFieldsView.swift */ = {isa = PBXFileReference; lastKnownFileType = sourcecode.swift; path = TextFieldsView.swift; sourceTree = "<group>"; };
		658107342795F84A00B178AE /* PickerStyleView.swift */ = {isa = PBXFileReference; lastKnownFileType = sourcecode.swift; path = PickerStyleView.swift; sourceTree = "<group>"; };
		65D3BC48279037AF005A113E /* ImagePickerView.swift */ = {isa = PBXFileReference; lastKnownFileType = sourcecode.swift; path = ImagePickerView.swift; sourceTree = "<group>"; };
		65D3BC4A27904DCD005A113E /* CustomModalPopupView.swift */ = {isa = PBXFileReference; lastKnownFileType = sourcecode.swift; path = CustomModalPopupView.swift; sourceTree = "<group>"; };
/* End PBXFileReference section */

/* Begin PBXFrameworksBuildPhase section */
		6557CF93278C2F6C002CF2D4 /* Frameworks */ = {
			isa = PBXFrameworksBuildPhase;
			buildActionMask = 2147483647;
			files = (
			);
			runOnlyForDeploymentPostprocessing = 0;
		};
/* End PBXFrameworksBuildPhase section */

/* Begin PBXGroup section */
		65434380278E10DB00DF954D /* Views */ = {
			isa = PBXGroup;
			children = (
				65D3BC4A27904DCD005A113E /* CustomModalPopupView.swift */,
				65D3BC48279037AF005A113E /* ImagePickerView.swift */,
				65434385278E12A400DF954D /* NumberPadView.swift */,
				65434384278E12A400DF954D /* OTPView.swift */,
				65434388278E136B00DF954D /* SlideMenuBarView.swift */,
				6557CFA7278C30A3002CF2D4 /* TextFieldsView.swift */,
				658107342795F84A00B178AE /* PickerStyleView.swift */,
			);
			path = Views;
			sourceTree = "<group>";
		};
		65434381278E116400DF954D /* Functions */ = {
			isa = PBXGroup;
			children = (
				65434382278E11E000DF954D /* NavigationUtil.swift */,
			);
			path = Functions;
			sourceTree = "<group>";
		};
		6543438A278E16FD00DF954D /* Main */ = {
			isa = PBXGroup;
			children = (
				6557CF99278C2F6C002CF2D4 /* ViewElementsDemoApp.swift */,
				6557CF9B278C2F6C002CF2D4 /* ContentView.swift */,
			);
			path = Main;
			sourceTree = "<group>";
		};
		6557CF8D278C2F6C002CF2D4 = {
			isa = PBXGroup;
			children = (
				6557CF98278C2F6C002CF2D4 /* ViewElementsDemo */,
				6557CF97278C2F6C002CF2D4 /* Products */,
			);
			sourceTree = "<group>";
		};
		6557CF97278C2F6C002CF2D4 /* Products */ = {
			isa = PBXGroup;
			children = (
				6557CF96278C2F6C002CF2D4 /* ViewElementsDemo.app */,
			);
			name = Products;
			sourceTree = "<group>";
		};
		6557CF98278C2F6C002CF2D4 /* ViewElementsDemo */ = {
			isa = PBXGroup;
			children = (
				6557CF9D278C2F75002CF2D4 /* Assets.xcassets */,
				6543438A278E16FD00DF954D /* Main */,
				65434380278E10DB00DF954D /* Views */,
				65434381278E116400DF954D /* Functions */,
				6557CF9F278C2F75002CF2D4 /* Preview Content */,
			);
			path = ViewElementsDemo;
			sourceTree = "<group>";
		};
		6557CF9F278C2F75002CF2D4 /* Preview Content */ = {
			isa = PBXGroup;
			children = (
				6557CFA0278C2F75002CF2D4 /* Preview Assets.xcassets */,
			);
			path = "Preview Content";
			sourceTree = "<group>";
		};
/* End PBXGroup section */

/* Begin PBXNativeTarget section */
		6557CF95278C2F6C002CF2D4 /* ViewElementsDemo */ = {
			isa = PBXNativeTarget;
			buildConfigurationList = 6557CFA4278C2F75002CF2D4 /* Build configuration list for PBXNativeTarget "ViewElementsDemo" */;
			buildPhases = (
				6557CF92278C2F6C002CF2D4 /* Sources */,
				6557CF93278C2F6C002CF2D4 /* Frameworks */,
				6557CF94278C2F6C002CF2D4 /* Resources */,
			);
			buildRules = (
			);
			dependencies = (
			);
			name = ViewElementsDemo;
			productName = ViewElementsDemo;
			productReference = 6557CF96278C2F6C002CF2D4 /* ViewElementsDemo.app */;
			productType = "com.apple.product-type.application";
		};
/* End PBXNativeTarget section */

/* Begin PBXProject section */
		6557CF8E278C2F6C002CF2D4 /* Project object */ = {
			isa = PBXProject;
			attributes = {
				BuildIndependentTargetsInParallel = 1;
				LastSwiftUpdateCheck = 1310;
				LastUpgradeCheck = 1310;
				TargetAttributes = {
					6557CF95278C2F6C002CF2D4 = {
						CreatedOnToolsVersion = 13.1;
					};
				};
			};
			buildConfigurationList = 6557CF91278C2F6C002CF2D4 /* Build configuration list for PBXProject "ViewElementsDemo" */;
			compatibilityVersion = "Xcode 13.0";
			developmentRegion = en;
			hasScannedForEncodings = 0;
			knownRegions = (
				en,
				Base,
			);
			mainGroup = 6557CF8D278C2F6C002CF2D4;
			productRefGroup = 6557CF97278C2F6C002CF2D4 /* Products */;
			projectDirPath = "";
			projectRoot = "";
			targets = (
				6557CF95278C2F6C002CF2D4 /* ViewElementsDemo */,
			);
		};
/* End PBXProject section */

/* Begin PBXResourcesBuildPhase section */
		6557CF94278C2F6C002CF2D4 /* Resources */ = {
			isa = PBXResourcesBuildPhase;
			buildActionMask = 2147483647;
			files = (
				6557CFA1278C2F75002CF2D4 /* Preview Assets.xcassets in Resources */,
				6557CF9E278C2F75002CF2D4 /* Assets.xcassets in Resources */,
			);
			runOnlyForDeploymentPostprocessing = 0;
		};
/* End PBXResourcesBuildPhase section */

/* Begin PBXSourcesBuildPhase section */
		6557CF92278C2F6C002CF2D4 /* Sources */ = {
			isa = PBXSourcesBuildPhase;
			buildActionMask = 2147483647;
			files = (
				6557CF9C278C2F6C002CF2D4 /* ContentView.swift in Sources */,
				65434389278E136B00DF954D /* SlideMenuBarView.swift in Sources */,
				65434387278E12A400DF954D /* NumberPadView.swift in Sources */,
				65434386278E12A400DF954D /* OTPView.swift in Sources */,
				65D3BC49279037AF005A113E /* ImagePickerView.swift in Sources */,
				65434383278E11E000DF954D /* NavigationUtil.swift in Sources */,
				6557CF9A278C2F6C002CF2D4 /* ViewElementsDemoApp.swift in Sources */,
				65D3BC4B27904DCD005A113E /* CustomModalPopupView.swift in Sources */,
				658107352795F84A00B178AE /* PickerStyleView.swift in Sources */,
				6557CFA8278C30A3002CF2D4 /* TextFieldsView.swift in Sources */,
			);
			runOnlyForDeploymentPostprocessing = 0;
		};
/* End PBXSourcesBuildPhase section */

/* Begin XCBuildConfiguration section */
		6557CFA2278C2F75002CF2D4 /* Debug */ = {
			isa = XCBuildConfiguration;
			buildSettings = {
				ALWAYS_SEARCH_USER_PATHS = NO;
				CLANG_ANALYZER_NONNULL = YES;
				CLANG_ANALYZER_NUMBER_OBJECT_CONVERSION = YES_AGGRESSIVE;
				CLANG_CXX_LANGUAGE_STANDARD = "gnu++17";
				CLANG_CXX_LIBRARY = "libc++";
				CLANG_ENABLE_MODULES = YES;
				CLANG_ENABLE_OBJC_ARC = YES;
				CLANG_ENABLE_OBJC_WEAK = YES;
				CLANG_WARN_BLOCK_CAPTURE_AUTORELEASING = YES;
				CLANG_WARN_BOOL_CONVERSION = YES;
				CLANG_WARN_COMMA = YES;
				CLANG_WARN_CONSTANT_CONVERSION = YES;
				CLANG_WARN_DEPRECATED_OBJC_IMPLEMENTATIONS = YES;
				CLANG_WARN_DIRECT_OBJC_ISA_USAGE = YES_ERROR;
				CLANG_WARN_DOCUMENTATION_COMMENTS = YES;
				CLANG_WARN_EMPTY_BODY = YES;
				CLANG_WARN_ENUM_CONVERSION = YES;
				CLANG_WARN_INFINITE_RECURSION = YES;
				CLANG_WARN_INT_CONVERSION = YES;
				CLANG_WARN_NON_LITERAL_NULL_CONVERSION = YES;
				CLANG_WARN_OBJC_IMPLICIT_RETAIN_SELF = YES;
				CLANG_WARN_OBJC_LITERAL_CONVERSION = YES;
				CLANG_WARN_OBJC_ROOT_CLASS = YES_ERROR;
				CLANG_WARN_QUOTED_INCLUDE_IN_FRAMEWORK_HEADER = YES;
				CLANG_WARN_RANGE_LOOP_ANALYSIS = YES;
				CLANG_WARN_STRICT_PROTOTYPES = YES;
				CLANG_WARN_SUSPICIOUS_MOVE = YES;
				CLANG_WARN_UNGUARDED_AVAILABILITY = YES_AGGRESSIVE;
				CLANG_WARN_UNREACHABLE_CODE = YES;
				CLANG_WARN__DUPLICATE_METHOD_MATCH = YES;
				COPY_PHASE_STRIP = NO;
				DEBUG_INFORMATION_FORMAT = dwarf;
				ENABLE_STRICT_OBJC_MSGSEND = YES;
				ENABLE_TESTABILITY = YES;
				GCC_C_LANGUAGE_STANDARD = gnu11;
				GCC_DYNAMIC_NO_PIC = NO;
				GCC_NO_COMMON_BLOCKS = YES;
				GCC_OPTIMIZATION_LEVEL = 0;
				GCC_PREPROCESSOR_DEFINITIONS = (
					"DEBUG=1",
					"$(inherited)",
				);
				GCC_WARN_64_TO_32_BIT_CONVERSION = YES;
				GCC_WARN_ABOUT_RETURN_TYPE = YES_ERROR;
				GCC_WARN_UNDECLARED_SELECTOR = YES;
				GCC_WARN_UNINITIALIZED_AUTOS = YES_AGGRESSIVE;
				GCC_WARN_UNUSED_FUNCTION = YES;
				GCC_WARN_UNUSED_VARIABLE = YES;
				IPHONEOS_DEPLOYMENT_TARGET = 15.0;
				MTL_ENABLE_DEBUG_INFO = INCLUDE_SOURCE;
				MTL_FAST_MATH = YES;
				ONLY_ACTIVE_ARCH = YES;
				SDKROOT = iphoneos;
				SWIFT_ACTIVE_COMPILATION_CONDITIONS = DEBUG;
				SWIFT_OPTIMIZATION_LEVEL = "-Onone";
			};
			name = Debug;
		};
		6557CFA3278C2F75002CF2D4 /* Release */ = {
			isa = XCBuildConfiguration;
			buildSettings = {
				ALWAYS_SEARCH_USER_PATHS = NO;
				CLANG_ANALYZER_NONNULL = YES;
				CLANG_ANALYZER_NUMBER_OBJECT_CONVERSION = YES_AGGRESSIVE;
				CLANG_CXX_LANGUAGE_STANDARD = "gnu++17";
				CLANG_CXX_LIBRARY = "libc++";
				CLANG_ENABLE_MODULES = YES;
				CLANG_ENABLE_OBJC_ARC = YES;
				CLANG_ENABLE_OBJC_WEAK = YES;
				CLANG_WARN_BLOCK_CAPTURE_AUTORELEASING = YES;
				CLANG_WARN_BOOL_CONVERSION = YES;
				CLANG_WARN_COMMA = YES;
				CLANG_WARN_CONSTANT_CONVERSION = YES;
				CLANG_WARN_DEPRECATED_OBJC_IMPLEMENTATIONS = YES;
				CLANG_WARN_DIRECT_OBJC_ISA_USAGE = YES_ERROR;
				CLANG_WARN_DOCUMENTATION_COMMENTS = YES;
				CLANG_WARN_EMPTY_BODY = YES;
				CLANG_WARN_ENUM_CONVERSION = YES;
				CLANG_WARN_INFINITE_RECURSION = YES;
				CLANG_WARN_INT_CONVERSION = YES;
				CLANG_WARN_NON_LITERAL_NULL_CONVERSION = YES;
				CLANG_WARN_OBJC_IMPLICIT_RETAIN_SELF = YES;
				CLANG_WARN_OBJC_LITERAL_CONVERSION = YES;
				CLANG_WARN_OBJC_ROOT_CLASS = YES_ERROR;
				CLANG_WARN_QUOTED_INCLUDE_IN_FRAMEWORK_HEADER = YES;
				CLANG_WARN_RANGE_LOOP_ANALYSIS = YES;
				CLANG_WARN_STRICT_PROTOTYPES = YES;
				CLANG_WARN_SUSPICIOUS_MOVE = YES;
				CLANG_WARN_UNGUARDED_AVAILABILITY = YES_AGGRESSIVE;
				CLANG_WARN_UNREACHABLE_CODE = YES;
				CLANG_WARN__DUPLICATE_METHOD_MATCH = YES;
				COPY_PHASE_STRIP = NO;
				DEBUG_INFORMATION_FORMAT = "dwarf-with-dsym";
				ENABLE_NS_ASSERTIONS = NO;
				ENABLE_STRICT_OBJC_MSGSEND = YES;
				GCC_C_LANGUAGE_STANDARD = gnu11;
				GCC_NO_COMMON_BLOCKS = YES;
				GCC_WARN_64_TO_32_BIT_CONVERSION = YES;
				GCC_WARN_ABOUT_RETURN_TYPE = YES_ERROR;
				GCC_WARN_UNDECLARED_SELECTOR = YES;
				GCC_WARN_UNINITIALIZED_AUTOS = YES_AGGRESSIVE;
				GCC_WARN_UNUSED_FUNCTION = YES;
				GCC_WARN_UNUSED_VARIABLE = YES;
				IPHONEOS_DEPLOYMENT_TARGET = 15.0;
				MTL_ENABLE_DEBUG_INFO = NO;
				MTL_FAST_MATH = YES;
				SDKROOT = iphoneos;
				SWIFT_COMPILATION_MODE = wholemodule;
				SWIFT_OPTIMIZATION_LEVEL = "-O";
				VALIDATE_PRODUCT = YES;
			};
			name = Release;
		};
		6557CFA5278C2F75002CF2D4 /* Debug */ = {
			isa = XCBuildConfiguration;
			buildSettings = {
				ASSETCATALOG_COMPILER_APPICON_NAME = AppIcon;
				ASSETCATALOG_COMPILER_GLOBAL_ACCENT_COLOR_NAME = AccentColor;
				CODE_SIGN_STYLE = Automatic;
				CURRENT_PROJECT_VERSION = 1;
				DEVELOPMENT_ASSET_PATHS = "\"ViewElementsDemo/Preview Content\"";
				ENABLE_PREVIEWS = YES;
				GENERATE_INFOPLIST_FILE = YES;
				INFOPLIST_KEY_NSCameraUsageDescription = "Need Carera Permission";
				INFOPLIST_KEY_UIApplicationSceneManifest_Generation = YES;
				INFOPLIST_KEY_UIApplicationSupportsIndirectInputEvents = YES;
				INFOPLIST_KEY_UILaunchScreen_Generation = YES;
				INFOPLIST_KEY_UISupportedInterfaceOrientations_iPad = "UIInterfaceOrientationPortrait UIInterfaceOrientationPortraitUpsideDown UIInterfaceOrientationLandscapeLeft UIInterfaceOrientationLandscapeRight";
				INFOPLIST_KEY_UISupportedInterfaceOrientations_iPhone = "UIInterfaceOrientationPortrait UIInterfaceOrientationLandscapeLeft UIInterfaceOrientationLandscapeRight";
				LD_RUNPATH_SEARCH_PATHS = (
					"$(inherited)",
					"@executable_path/Frameworks",
				);
				MARKETING_VERSION = 1.0;
				PRODUCT_BUNDLE_IDENTIFIER = com.ex.ViewElementsDemo;
				PRODUCT_NAME = "$(TARGET_NAME)";
				SWIFT_EMIT_LOC_STRINGS = YES;
				SWIFT_VERSION = 5.0;
				TARGETED_DEVICE_FAMILY = "1,2";
			};
			name = Debug;
		};
		6557CFA6278C2F75002CF2D4 /* Release */ = {
			isa = XCBuildConfiguration;
			buildSettings = {
				ASSETCATALOG_COMPILER_APPICON_NAME = AppIcon;
				ASSETCATALOG_COMPILER_GLOBAL_ACCENT_COLOR_NAME = AccentColor;
				CODE_SIGN_STYLE = Automatic;
				CURRENT_PROJECT_VERSION = 1;
				DEVELOPMENT_ASSET_PATHS = "\"ViewElementsDemo/Preview Content\"";
				ENABLE_PREVIEWS = YES;
				GENERATE_INFOPLIST_FILE = YES;
				INFOPLIST_KEY_NSCameraUsageDescription = "Need Carera Permission";
				INFOPLIST_KEY_UIApplicationSceneManifest_Generation = YES;
				INFOPLIST_KEY_UIApplicationSupportsIndirectInputEvents = YES;
				INFOPLIST_KEY_UILaunchScreen_Generation = YES;
				INFOPLIST_KEY_UISupportedInterfaceOrientations_iPad = "UIInterfaceOrientationPortrait UIInterfaceOrientationPortraitUpsideDown UIInterfaceOrientationLandscapeLeft UIInterfaceOrientationLandscapeRight";
				INFOPLIST_KEY_UISupportedInterfaceOrientations_iPhone = "UIInterfaceOrientationPortrait UIInterfaceOrientationLandscapeLeft UIInterfaceOrientationLandscapeRight";
				LD_RUNPATH_SEARCH_PATHS = (
					"$(inherited)",
					"@executable_path/Frameworks",
				);
				MARKETING_VERSION = 1.0;
				PRODUCT_BUNDLE_IDENTIFIER = com.ex.ViewElementsDemo;
				PRODUCT_NAME = "$(TARGET_NAME)";
				SWIFT_EMIT_LOC_STRINGS = YES;
				SWIFT_VERSION = 5.0;
				TARGETED_DEVICE_FAMILY = "1,2";
			};
			name = Release;
		};
/* End XCBuildConfiguration section */

/* Begin XCConfigurationList section */
		6557CF91278C2F6C002CF2D4 /* Build configuration list for PBXProject "ViewElementsDemo" */ = {
			isa = XCConfigurationList;
			buildConfigurations = (
				6557CFA2278C2F75002CF2D4 /* Debug */,
				6557CFA3278C2F75002CF2D4 /* Release */,
			);
			defaultConfigurationIsVisible = 0;
			defaultConfigurationName = Release;
		};
		6557CFA4278C2F75002CF2D4 /* Build configuration list for PBXNativeTarget "ViewElementsDemo" */ = {
			isa = XCConfigurationList;
			buildConfigurations = (
				6557CFA5278C2F75002CF2D4 /* Debug */,
				6557CFA6278C2F75002CF2D4 /* Release */,
			);
			defaultConfigurationIsVisible = 0;
			defaultConfigurationName = Release;
		};
/* End XCConfigurationList section */
	};
	rootObject = 6557CF8E278C2F6C002CF2D4 /* Project object */;
}
